
Microsoft Visual Studio Solution File, Format Version 12.00
# Visual Studio Version 17
VisualStudioVersion = 17.3.32819.101
MinimumVisualStudioVersion = 10.0.40219.1
Project("{FAE04EC0-301F-11D3-BF4B-00C04F79EFBC}") = "Calculator Unbegrenzte Parameter", "Calculator Unbegrenzte Parameter.csproj", "{35DDF3FF-BE80-4D33-9DEF-58218A59516F}"
EndProject
Global
	GlobalSection(SolutionConfigurationPlatforms) = preSolution
		Debug|Any CPU = Debug|Any CPU
		Release|Any CPU = Release|Any CPU
	EndGlobalSection
	GlobalSection(ProjectConfigurationPlatforms) = postSolution
		{35DDF3FF-BE80-4D33-9DEF-58218A59516F}.Debug|Any CPU.ActiveCfg = Debug|Any CPU
		{35DDF3FF-BE80-4D33-9DEF-58218A59516F}.Debug|Any CPU.Build.0 = Debug|Any CPU
		{35DDF3FF-BE80-4D33-9DEF-58218A59516F}.Release|Any CPU.ActiveCfg = Release|Any CPU
		{35DDF3FF-BE80-4D33-9DEF-58218A59516F}.Release|Any CPU.Build.0 = Release|Any CPU
	EndGlobalSection
	GlobalSection(SolutionProperties) = preSolution
		HideSolutionNode = FALSE
	EndGlobalSection
	GlobalSection(ExtensibilityGlobals) = postSolution
		SolutionGuid = {6ED721AA-5B25-4E4A-B439-BA0808255334}
	EndGlobalSection
EndGlobal
