
Microsoft Visual Studio Solution File, Format Version 12.00
# Visual Studio Version 17
VisualStudioVersion = 17.1.32421.90
MinimumVisualStudioVersion = 10.0.40219.1
Project("{FAE04EC0-301F-11D3-BF4B-00C04F79EFBC}") = "Geometrische Figuren", "Geometrische Figuren.csproj", "{99CA6600-28F6-4B47-A51A-AD55EE5178C0}"
EndProject
Global
	GlobalSection(SolutionConfigurationPlatforms) = preSolution
		Debug|Any CPU = Debug|Any CPU
		Release|Any CPU = Release|Any CPU
	EndGlobalSection
	GlobalSection(ProjectConfigurationPlatforms) = postSolution
		{99CA6600-28F6-4B47-A51A-AD55EE5178C0}.Debug|Any CPU.ActiveCfg = Debug|Any CPU
		{99CA6600-28F6-4B47-A51A-AD55EE5178C0}.Debug|Any CPU.Build.0 = Debug|Any CPU
		{99CA6600-28F6-4B47-A51A-AD55EE5178C0}.Release|Any CPU.ActiveCfg = Release|Any CPU
		{99CA6600-28F6-4B47-A51A-AD55EE5178C0}.Release|Any CPU.Build.0 = Release|Any CPU
	EndGlobalSection
	GlobalSection(SolutionProperties) = preSolution
		HideSolutionNode = FALSE
	EndGlobalSection
	GlobalSection(ExtensibilityGlobals) = postSolution
		SolutionGuid = {2747DDB8-39FA-4C09-81BA-58A4D9B2527F}
	EndGlobalSection
EndGlobal
