
Microsoft Visual Studio Solution File, Format Version 12.00
# Visual Studio Version 17
VisualStudioVersion = 17.1.32421.90
MinimumVisualStudioVersion = 10.0.40219.1
Project("{FAE04EC0-301F-11D3-BF4B-00C04F79EFBC}") = "Inversion_of_Control", "Inversion_of_Control.csproj", "{A3982178-3FA5-4886-AAB7-EA01FB2E377A}"
EndProject
Global
	GlobalSection(SolutionConfigurationPlatforms) = preSolution
		Debug|Any CPU = Debug|Any CPU
		Release|Any CPU = Release|Any CPU
	EndGlobalSection
	GlobalSection(ProjectConfigurationPlatforms) = postSolution
		{A3982178-3FA5-4886-AAB7-EA01FB2E377A}.Debug|Any CPU.ActiveCfg = Debug|Any CPU
		{A3982178-3FA5-4886-AAB7-EA01FB2E377A}.Debug|Any CPU.Build.0 = Debug|Any CPU
		{A3982178-3FA5-4886-AAB7-EA01FB2E377A}.Release|Any CPU.ActiveCfg = Release|Any CPU
		{A3982178-3FA5-4886-AAB7-EA01FB2E377A}.Release|Any CPU.Build.0 = Release|Any CPU
	EndGlobalSection
	GlobalSection(SolutionProperties) = preSolution
		HideSolutionNode = FALSE
	EndGlobalSection
	GlobalSection(ExtensibilityGlobals) = postSolution
		SolutionGuid = {EF04E6F5-C838-48C0-B9AB-3A1BB18B4D19}
	EndGlobalSection
EndGlobal
