
Microsoft Visual Studio Solution File, Format Version 12.00
# Visual Studio Version 17
VisualStudioVersion = 17.1.32421.90
MinimumVisualStudioVersion = 10.0.40219.1
Project("{FAE04EC0-301F-11D3-BF4B-00C04F79EFBC}") = "Komposition Kunde Konto", "Komposition Kunde Konto.csproj", "{23C774F2-9E06-46FC-AF3B-475BDFF751B3}"
EndProject
Global
	GlobalSection(SolutionConfigurationPlatforms) = preSolution
		Debug|Any CPU = Debug|Any CPU
		Release|Any CPU = Release|Any CPU
	EndGlobalSection
	GlobalSection(ProjectConfigurationPlatforms) = postSolution
		{23C774F2-9E06-46FC-AF3B-475BDFF751B3}.Debug|Any CPU.ActiveCfg = Debug|Any CPU
		{23C774F2-9E06-46FC-AF3B-475BDFF751B3}.Debug|Any CPU.Build.0 = Debug|Any CPU
		{23C774F2-9E06-46FC-AF3B-475BDFF751B3}.Release|Any CPU.ActiveCfg = Release|Any CPU
		{23C774F2-9E06-46FC-AF3B-475BDFF751B3}.Release|Any CPU.Build.0 = Release|Any CPU
	EndGlobalSection
	GlobalSection(SolutionProperties) = preSolution
		HideSolutionNode = FALSE
	EndGlobalSection
	GlobalSection(ExtensibilityGlobals) = postSolution
		SolutionGuid = {46563791-9853-4C3D-9B2B-6D517F202737}
	EndGlobalSection
EndGlobal
